// !$*UTF8*$!
{
	archiveVersion = 1;
	classes = {
	};
	objectVersion = 56;
	objects = {

/* Begin PBXBuildFile section */
		95D6CDE62CAADE3A00DABE0C /* AppDelegate.swift in Sources */ = {isa = PBXBuildFile; fileRef = 95D6CDE52CAADE3A00DABE0C /* AppDelegate.swift */; };
		95D6CDE82CAADE3A00DABE0C /* SceneDelegate.swift in Sources */ = {isa = PBXBuildFile; fileRef = 95D6CDE72CAADE3A00DABE0C /* SceneDelegate.swift */; };
		95D6CDED2CAADE3A00DABE0C /* Base in Resources */ = {isa = PBXBuildFile; fileRef = 95D6CDEC2CAADE3A00DABE0C /* Base */; };
		95D6CDEF2CAADE3C00DABE0C /* Assets.xcassets in Resources */ = {isa = PBXBuildFile; fileRef = 95D6CDEE2CAADE3C00DABE0C /* Assets.xcassets */; };
		95D6CDF22CAADE3C00DABE0C /* Base in Resources */ = {isa = PBXBuildFile; fileRef = 95D6CDF12CAADE3C00DABE0C /* Base */; };
		95D6CDFB2CAADEA900DABE0C /* IQKeyboardManagerSwift in Frameworks */ = {isa = PBXBuildFile; productRef = 95D6CDFA2CAADEA900DABE0C /* IQKeyboardManagerSwift */; };
		95D6CDFD2CAC116F00DABE0C /* ListVC.swift in Sources */ = {isa = PBXBuildFile; fileRef = 95D6CDFC2CAC116F00DABE0C /* ListVC.swift */; };
		95D6CDFF2CAC117800DABE0C /* ListCell.swift in Sources */ = {isa = PBXBuildFile; fileRef = 95D6CDFE2CAC117800DABE0C /* ListCell.swift */; };
		95D6CE022CAC158E00DABE0C /* SportModel.swift in Sources */ = {isa = PBXBuildFile; fileRef = 95D6CE012CAC158E00DABE0C /* SportModel.swift */; };
		95D6CE042CAC169E00DABE0C /* NetworkService.swift in Sources */ = {isa = PBXBuildFile; fileRef = 95D6CE032CAC169E00DABE0C /* NetworkService.swift */; };
		95D6CE092CAC24E000DABE0C /* SportEntity.xcdatamodeld in Sources */ = {isa = PBXBuildFile; fileRef = 95D6CE072CAC24E000DABE0C /* SportEntity.xcdatamodeld */; };
		95D6CE4E2CAC314100DABE0C /* CoreDataManager.swift in Sources */ = {isa = PBXBuildFile; fileRef = 95D6CE4D2CAC314100DABE0C /* CoreDataManager.swift */; };
/* End PBXBuildFile section */

/* Begin PBXFileReference section */
		95D6CDE22CAADE3A00DABE0C /* KheloTechAssignment.app */ = {isa = PBXFileReference; explicitFileType = wrapper.application; includeInIndex = 0; path = KheloTechAssignment.app; sourceTree = BUILT_PRODUCTS_DIR; };
		95D6CDE52CAADE3A00DABE0C /* AppDelegate.swift */ = {isa = PBXFileReference; lastKnownFileType = sourcecode.swift; path = AppDelegate.swift; sourceTree = "<group>"; };
		95D6CDE72CAADE3A00DABE0C /* SceneDelegate.swift */ = {isa = PBXFileReference; lastKnownFileType = sourcecode.swift; path = SceneDelegate.swift; sourceTree = "<group>"; };
		95D6CDEC2CAADE3A00DABE0C /* Base */ = {isa = PBXFileReference; lastKnownFileType = file.storyboard; name = Base; path = Base.lproj/Main.storyboard; sourceTree = "<group>"; };
		95D6CDEE2CAADE3C00DABE0C /* Assets.xcassets */ = {isa = PBXFileReference; lastKnownFileType = folder.assetcatalog; path = Assets.xcassets; sourceTree = "<group>"; };
		95D6CDF12CAADE3C00DABE0C /* Base */ = {isa = PBXFileReference; lastKnownFileType = file.storyboard; name = Base; path = Base.lproj/LaunchScreen.storyboard; sourceTree = "<group>"; };
		95D6CDF32CAADE3C00DABE0C /* Info.plist */ = {isa = PBXFileReference; lastKnownFileType = text.plist.xml; path = Info.plist; sourceTree = "<group>"; };
		95D6CDFC2CAC116F00DABE0C /* ListVC.swift */ = {isa = PBXFileReference; lastKnownFileType = sourcecode.swift; path = ListVC.swift; sourceTree = "<group>"; };
		95D6CDFE2CAC117800DABE0C /* ListCell.swift */ = {isa = PBXFileReference; lastKnownFileType = sourcecode.swift; path = ListCell.swift; sourceTree = "<group>"; };
		95D6CE012CAC158E00DABE0C /* SportModel.swift */ = {isa = PBXFileReference; lastKnownFileType = sourcecode.swift; path = SportModel.swift; sourceTree = "<group>"; };
		95D6CE032CAC169E00DABE0C /* NetworkService.swift */ = {isa = PBXFileReference; lastKnownFileType = sourcecode.swift; path = NetworkService.swift; sourceTree = "<group>"; };
		95D6CE082CAC24E000DABE0C /* SportEntity.xcdatamodel */ = {isa = PBXFileReference; lastKnownFileType = wrapper.xcdatamodel; path = SportEntity.xcdatamodel; sourceTree = "<group>"; };
		95D6CE4D2CAC314100DABE0C /* CoreDataManager.swift */ = {isa = PBXFileReference; lastKnownFileType = sourcecode.swift; path = CoreDataManager.swift; sourceTree = "<group>"; };
/* End PBXFileReference section */

/* Begin PBXFrameworksBuildPhase section */
		95D6CDDF2CAADE3A00DABE0C /* Frameworks */ = {
			isa = PBXFrameworksBuildPhase;
			buildActionMask = 2147483647;
			files = (
				95D6CDFB2CAADEA900DABE0C /* IQKeyboardManagerSwift in Frameworks */,
			);
			runOnlyForDeploymentPostprocessing = 0;
		};
/* End PBXFrameworksBuildPhase section */

/* Begin PBXGroup section */
		95D6CDD92CAADE3A00DABE0C = {
			isa = PBXGroup;
			children = (
				95D6CDE42CAADE3A00DABE0C /* KheloTechAssignment */,
				95D6CDE32CAADE3A00DABE0C /* Products */,
			);
			sourceTree = "<group>";
		};
		95D6CDE32CAADE3A00DABE0C /* Products */ = {
			isa = PBXGroup;
			children = (
				95D6CDE22CAADE3A00DABE0C /* KheloTechAssignment.app */,
			);
			name = Products;
			sourceTree = "<group>";
		};
		95D6CDE42CAADE3A00DABE0C /* KheloTechAssignment */ = {
			isa = PBXGroup;
			children = (
				95D6CDE52CAADE3A00DABE0C /* AppDelegate.swift */,
				95D6CDE72CAADE3A00DABE0C /* SceneDelegate.swift */,
				95D6CE002CAC157600DABE0C /* Model */,
				95D6CE512CAC559A00DABE0C /* Core Data */,
				95D6CE522CAC55B100DABE0C /* ViewController */,
				95D6CE532CAC55C000DABE0C /* Cell */,
				95D6CE542CAC561600DABE0C /* Services */,
				95D6CDEB2CAADE3A00DABE0C /* Main.storyboard */,
				95D6CDEE2CAADE3C00DABE0C /* Assets.xcassets */,
				95D6CDF02CAADE3C00DABE0C /* LaunchScreen.storyboard */,
				95D6CDF32CAADE3C00DABE0C /* Info.plist */,
			);
			path = KheloTechAssignment;
			sourceTree = "<group>";
		};
		95D6CE002CAC157600DABE0C /* Model */ = {
			isa = PBXGroup;
			children = (
				95D6CE012CAC158E00DABE0C /* SportModel.swift */,
			);
			path = Model;
			sourceTree = "<group>";
		};
		95D6CE512CAC559A00DABE0C /* Core Data */ = {
			isa = PBXGroup;
			children = (
				95D6CE072CAC24E000DABE0C /* SportEntity.xcdatamodeld */,
				95D6CE4D2CAC314100DABE0C /* CoreDataManager.swift */,
			);
			path = "Core Data";
			sourceTree = "<group>";
		};
		95D6CE522CAC55B100DABE0C /* ViewController */ = {
			isa = PBXGroup;
			children = (
				95D6CDFC2CAC116F00DABE0C /* ListVC.swift */,
			);
			path = ViewController;
			sourceTree = "<group>";
		};
		95D6CE532CAC55C000DABE0C /* Cell */ = {
			isa = PBXGroup;
			children = (
				95D6CDFE2CAC117800DABE0C /* ListCell.swift */,
			);
			path = Cell;
			sourceTree = "<group>";
		};
		95D6CE542CAC561600DABE0C /* Services */ = {
			isa = PBXGroup;
			children = (
				95D6CE032CAC169E00DABE0C /* NetworkService.swift */,
			);
			path = Services;
			sourceTree = "<group>";
		};
/* End PBXGroup section */

/* Begin PBXNativeTarget section */
		95D6CDE12CAADE3A00DABE0C /* KheloTechAssignment */ = {
			isa = PBXNativeTarget;
			buildConfigurationList = 95D6CDF62CAADE3C00DABE0C /* Build configuration list for PBXNativeTarget "KheloTechAssignment" */;
			buildPhases = (
				95D6CDDE2CAADE3A00DABE0C /* Sources */,
				95D6CDDF2CAADE3A00DABE0C /* Frameworks */,
				95D6CDE02CAADE3A00DABE0C /* Resources */,
			);
			buildRules = (
			);
			dependencies = (
			);
			name = KheloTechAssignment;
			packageProductDependencies = (
				95D6CDFA2CAADEA900DABE0C /* IQKeyboardManagerSwift */,
			);
			productName = KheloTechAssignment;
			productReference = 95D6CDE22CAADE3A00DABE0C /* KheloTechAssignment.app */;
			productType = "com.apple.product-type.application";
		};
/* End PBXNativeTarget section */

/* Begin PBXProject section */
		95D6CDDA2CAADE3A00DABE0C /* Project object */ = {
			isa = PBXProject;
			attributes = {
				BuildIndependentTargetsInParallel = 1;
				LastSwiftUpdateCheck = 1540;
				LastUpgradeCheck = 1540;
				TargetAttributes = {
					95D6CDE12CAADE3A00DABE0C = {
						CreatedOnToolsVersion = 15.4;
					};
				};
			};
			buildConfigurationList = 95D6CDDD2CAADE3A00DABE0C /* Build configuration list for PBXProject "KheloTechAssignment" */;
			compatibilityVersion = "Xcode 14.0";
			developmentRegion = en;
			hasScannedForEncodings = 0;
			knownRegions = (
				en,
				Base,
			);
			mainGroup = 95D6CDD92CAADE3A00DABE0C;
			packageReferences = (
				95D6CDF92CAADEA900DABE0C /* XCRemoteSwiftPackageReference "IQKeyboardManager" */,
			);
			productRefGroup = 95D6CDE32CAADE3A00DABE0C /* Products */;
			projectDirPath = "";
			projectRoot = "";
			targets = (
				95D6CDE12CAADE3A00DABE0C /* KheloTechAssignment */,
			);
		};
/* End PBXProject section */

/* Begin PBXResourcesBuildPhase section */
		95D6CDE02CAADE3A00DABE0C /* Resources */ = {
			isa = PBXResourcesBuildPhase;
			buildActionMask = 2147483647;
			files = (
				95D6CDEF2CAADE3C00DABE0C /* Assets.xcassets in Resources */,
				95D6CDF22CAADE3C00DABE0C /* Base in Resources */,
				95D6CDED2CAADE3A00DABE0C /* Base in Resources */,
			);
			runOnlyForDeploymentPostprocessing = 0;
		};
/* End PBXResourcesBuildPhase section */

/* Begin PBXSourcesBuildPhase section */
		95D6CDDE2CAADE3A00DABE0C /* Sources */ = {
			isa = PBXSourcesBuildPhase;
			buildActionMask = 2147483647;
			files = (
				95D6CE022CAC158E00DABE0C /* SportModel.swift in Sources */,
				95D6CDFD2CAC116F00DABE0C /* ListVC.swift in Sources */,
				95D6CDE62CAADE3A00DABE0C /* AppDelegate.swift in Sources */,
				95D6CDFF2CAC117800DABE0C /* ListCell.swift in Sources */,
				95D6CE092CAC24E000DABE0C /* SportEntity.xcdatamodeld in Sources */,
				95D6CDE82CAADE3A00DABE0C /* SceneDelegate.swift in Sources */,
				95D6CE4E2CAC314100DABE0C /* CoreDataManager.swift in Sources */,
				95D6CE042CAC169E00DABE0C /* NetworkService.swift in Sources */,
			);
			runOnlyForDeploymentPostprocessing = 0;
		};
/* End PBXSourcesBuildPhase section */

/* Begin PBXVariantGroup section */
		95D6CDEB2CAADE3A00DABE0C /* Main.storyboard */ = {
			isa = PBXVariantGroup;
			children = (
				95D6CDEC2CAADE3A00DABE0C /* Base */,
			);
			name = Main.storyboard;
			sourceTree = "<group>";
		};
		95D6CDF02CAADE3C00DABE0C /* LaunchScreen.storyboard */ = {
			isa = PBXVariantGroup;
			children = (
				95D6CDF12CAADE3C00DABE0C /* Base */,
			);
			name = LaunchScreen.storyboard;
			sourceTree = "<group>";
		};
/* End PBXVariantGroup section */

/* Begin XCBuildConfiguration section */
		95D6CDF42CAADE3C00DABE0C /* Debug */ = {
			isa = XCBuildConfiguration;
			buildSettings = {
				ALWAYS_SEARCH_USER_PATHS = NO;
				ASSETCATALOG_COMPILER_GENERATE_SWIFT_ASSET_SYMBOL_EXTENSIONS = YES;
				CLANG_ANALYZER_NONNULL = YES;
				CLANG_ANALYZER_NUMBER_OBJECT_CONVERSION = YES_AGGRESSIVE;
				CLANG_CXX_LANGUAGE_STANDARD = "gnu++20";
				CLANG_ENABLE_MODULES = YES;
				CLANG_ENABLE_OBJC_ARC = YES;
				CLANG_ENABLE_OBJC_WEAK = YES;
				CLANG_WARN_BLOCK_CAPTURE_AUTORELEASING = YES;
				CLANG_WARN_BOOL_CONVERSION = YES;
				CLANG_WARN_COMMA = YES;
				CLANG_WARN_CONSTANT_CONVERSION = YES;
				CLANG_WARN_DEPRECATED_OBJC_IMPLEMENTATIONS = YES;
				CLANG_WARN_DIRECT_OBJC_ISA_USAGE = YES_ERROR;
				CLANG_WARN_DOCUMENTATION_COMMENTS = YES;
				CLANG_WARN_EMPTY_BODY = YES;
				CLANG_WARN_ENUM_CONVERSION = YES;
				CLANG_WARN_INFINITE_RECURSION = YES;
				CLANG_WARN_INT_CONVERSION = YES;
				CLANG_WARN_NON_LITERAL_NULL_CONVERSION = YES;
				CLANG_WARN_OBJC_IMPLICIT_RETAIN_SELF = YES;
				CLANG_WARN_OBJC_LITERAL_CONVERSION = YES;
				CLANG_WARN_OBJC_ROOT_CLASS = YES_ERROR;
				CLANG_WARN_QUOTED_INCLUDE_IN_FRAMEWORK_HEADER = YES;
				CLANG_WARN_RANGE_LOOP_ANALYSIS = YES;
				CLANG_WARN_STRICT_PROTOTYPES = YES;
				CLANG_WARN_SUSPICIOUS_MOVE = YES;
				CLANG_WARN_UNGUARDED_AVAILABILITY = YES_AGGRESSIVE;
				CLANG_WARN_UNREACHABLE_CODE = YES;
				CLANG_WARN__DUPLICATE_METHOD_MATCH = YES;
				COPY_PHASE_STRIP = NO;
				DEBUG_INFORMATION_FORMAT = dwarf;
				ENABLE_STRICT_OBJC_MSGSEND = YES;
				ENABLE_TESTABILITY = YES;
				ENABLE_USER_SCRIPT_SANDBOXING = YES;
				GCC_C_LANGUAGE_STANDARD = gnu17;
				GCC_DYNAMIC_NO_PIC = NO;
				GCC_NO_COMMON_BLOCKS = YES;
				GCC_OPTIMIZATION_LEVEL = 0;
				GCC_PREPROCESSOR_DEFINITIONS = (
					"DEBUG=1",
					"$(inherited)",
				);
				GCC_WARN_64_TO_32_BIT_CONVERSION = YES;
				GCC_WARN_ABOUT_RETURN_TYPE = YES_ERROR;
				GCC_WARN_UNDECLARED_SELECTOR = YES;
				GCC_WARN_UNINITIALIZED_AUTOS = YES_AGGRESSIVE;
				GCC_WARN_UNUSED_FUNCTION = YES;
				GCC_WARN_UNUSED_VARIABLE = YES;
				IPHONEOS_DEPLOYMENT_TARGET = 17.5;
				LOCALIZATION_PREFERS_STRING_CATALOGS = YES;
				MTL_ENABLE_DEBUG_INFO = INCLUDE_SOURCE;
				MTL_FAST_MATH = YES;
				ONLY_ACTIVE_ARCH = YES;
				SDKROOT = iphoneos;
				SWIFT_ACTIVE_COMPILATION_CONDITIONS = "DEBUG $(inherited)";
				SWIFT_OPTIMIZATION_LEVEL = "-Onone";
			};
			name = Debug;
		};
		95D6CDF52CAADE3C00DABE0C /* Release */ = {
			isa = XCBuildConfiguration;
			buildSettings = {
				ALWAYS_SEARCH_USER_PATHS = NO;
				ASSETCATALOG_COMPILER_GENERATE_SWIFT_ASSET_SYMBOL_EXTENSIONS = YES;
				CLANG_ANALYZER_NONNULL = YES;
				CLANG_ANALYZER_NUMBER_OBJECT_CONVERSION = YES_AGGRESSIVE;
				CLANG_CXX_LANGUAGE_STANDARD = "gnu++20";
				CLANG_ENABLE_MODULES = YES;
				CLANG_ENABLE_OBJC_ARC = YES;
				CLANG_ENABLE_OBJC_WEAK = YES;
				CLANG_WARN_BLOCK_CAPTURE_AUTORELEASING = YES;
				CLANG_WARN_BOOL_CONVERSION = YES;
				CLANG_WARN_COMMA = YES;
				CLANG_WARN_CONSTANT_CONVERSION = YES;
				CLANG_WARN_DEPRECATED_OBJC_IMPLEMENTATIONS = YES;
				CLANG_WARN_DIRECT_OBJC_ISA_USAGE = YES_ERROR;
				CLANG_WARN_DOCUMENTATION_COMMENTS = YES;
				CLANG_WARN_EMPTY_BODY = YES;
				CLANG_WARN_ENUM_CONVERSION = YES;
				CLANG_WARN_INFINITE_RECURSION = YES;
				CLANG_WARN_INT_CONVERSION = YES;
				CLANG_WARN_NON_LITERAL_NULL_CONVERSION = YES;
				CLANG_WARN_OBJC_IMPLICIT_RETAIN_SELF = YES;
				CLANG_WARN_OBJC_LITERAL_CONVERSION = YES;
				CLANG_WARN_OBJC_ROOT_CLASS = YES_ERROR;
				CLANG_WARN_QUOTED_INCLUDE_IN_FRAMEWORK_HEADER = YES;
				CLANG_WARN_RANGE_LOOP_ANALYSIS = YES;
				CLANG_WARN_STRICT_PROTOTYPES = YES;
				CLANG_WARN_SUSPICIOUS_MOVE = YES;
				CLANG_WARN_UNGUARDED_AVAILABILITY = YES_AGGRESSIVE;
				CLANG_WARN_UNREACHABLE_CODE = YES;
				CLANG_WARN__DUPLICATE_METHOD_MATCH = YES;
				COPY_PHASE_STRIP = NO;
				DEBUG_INFORMATION_FORMAT = "dwarf-with-dsym";
				ENABLE_NS_ASSERTIONS = NO;
				ENABLE_STRICT_OBJC_MSGSEND = YES;
				ENABLE_USER_SCRIPT_SANDBOXING = YES;
				GCC_C_LANGUAGE_STANDARD = gnu17;
				GCC_NO_COMMON_BLOCKS = YES;
				GCC_WARN_64_TO_32_BIT_CONVERSION = YES;
				GCC_WARN_ABOUT_RETURN_TYPE = YES_ERROR;
				GCC_WARN_UNDECLARED_SELECTOR = YES;
				GCC_WARN_UNINITIALIZED_AUTOS = YES_AGGRESSIVE;
				GCC_WARN_UNUSED_FUNCTION = YES;
				GCC_WARN_UNUSED_VARIABLE = YES;
				IPHONEOS_DEPLOYMENT_TARGET = 17.5;
				LOCALIZATION_PREFERS_STRING_CATALOGS = YES;
				MTL_ENABLE_DEBUG_INFO = NO;
				MTL_FAST_MATH = YES;
				SDKROOT = iphoneos;
				SWIFT_COMPILATION_MODE = wholemodule;
				VALIDATE_PRODUCT = YES;
			};
			name = Release;
		};
		95D6CDF72CAADE3C00DABE0C /* Debug */ = {
			isa = XCBuildConfiguration;
			buildSettings = {
				ASSETCATALOG_COMPILER_APPICON_NAME = AppIcon;
				ASSETCATALOG_COMPILER_GLOBAL_ACCENT_COLOR_NAME = AccentColor;
				CODE_SIGN_STYLE = Automatic;
				CURRENT_PROJECT_VERSION = 1;
				GENERATE_INFOPLIST_FILE = YES;
				INFOPLIST_FILE = KheloTechAssignment/Info.plist;
				INFOPLIST_KEY_UIApplicationSupportsIndirectInputEvents = YES;
				INFOPLIST_KEY_UILaunchStoryboardName = LaunchScreen;
				INFOPLIST_KEY_UIMainStoryboardFile = Main;
				INFOPLIST_KEY_UISupportedInterfaceOrientations_iPad = "UIInterfaceOrientationPortrait UIInterfaceOrientationPortraitUpsideDown UIInterfaceOrientationLandscapeLeft UIInterfaceOrientationLandscapeRight";
				INFOPLIST_KEY_UISupportedInterfaceOrientations_iPhone = "UIInterfaceOrientationPortrait UIInterfaceOrientationLandscapeLeft UIInterfaceOrientationLandscapeRight";
				LD_RUNPATH_SEARCH_PATHS = (
					"$(inherited)",
					"@executable_path/Frameworks",
				);
				MARKETING_VERSION = 1.0;
				PRODUCT_BUNDLE_IDENTIFIER = muskanios.KheloTechAssignment;
				PRODUCT_NAME = "$(TARGET_NAME)";
				SWIFT_EMIT_LOC_STRINGS = YES;
				SWIFT_VERSION = 5.0;
				TARGETED_DEVICE_FAMILY = "1,2";
			};
			name = Debug;
		};
		95D6CDF82CAADE3C00DABE0C /* Release */ = {
			isa = XCBuildConfiguration;
			buildSettings = {
				ASSETCATALOG_COMPILER_APPICON_NAME = AppIcon;
				ASSETCATALOG_COMPILER_GLOBAL_ACCENT_COLOR_NAME = AccentColor;
				CODE_SIGN_STYLE = Automatic;
				CURRENT_PROJECT_VERSION = 1;
				GENERATE_INFOPLIST_FILE = YES;
				INFOPLIST_FILE = KheloTechAssignment/Info.plist;
				INFOPLIST_KEY_UIApplicationSupportsIndirectInputEvents = YES;
				INFOPLIST_KEY_UILaunchStoryboardName = LaunchScreen;
				INFOPLIST_KEY_UIMainStoryboardFile = Main;
				INFOPLIST_KEY_UISupportedInterfaceOrientations_iPad = "UIInterfaceOrientationPortrait UIInterfaceOrientationPortraitUpsideDown UIInterfaceOrientationLandscapeLeft UIInterfaceOrientationLandscapeRight";
				INFOPLIST_KEY_UISupportedInterfaceOrientations_iPhone = "UIInterfaceOrientationPortrait UIInterfaceOrientationLandscapeLeft UIInterfaceOrientationLandscapeRight";
				LD_RUNPATH_SEARCH_PATHS = (
					"$(inherited)",
					"@executable_path/Frameworks",
				);
				MARKETING_VERSION = 1.0;
				PRODUCT_BUNDLE_IDENTIFIER = muskanios.KheloTechAssignment;
				PRODUCT_NAME = "$(TARGET_NAME)";
				SWIFT_EMIT_LOC_STRINGS = YES;
				SWIFT_VERSION = 5.0;
				TARGETED_DEVICE_FAMILY = "1,2";
			};
			name = Release;
		};
/* End XCBuildConfiguration section */

/* Begin XCConfigurationList section */
		95D6CDDD2CAADE3A00DABE0C /* Build configuration list for PBXProject "KheloTechAssignment" */ = {
			isa = XCConfigurationList;
			buildConfigurations = (
				95D6CDF42CAADE3C00DABE0C /* Debug */,
				95D6CDF52CAADE3C00DABE0C /* Release */,
			);
			defaultConfigurationIsVisible = 0;
			defaultConfigurationName = Release;
		};
		95D6CDF62CAADE3C00DABE0C /* Build configuration list for PBXNativeTarget "KheloTechAssignment" */ = {
			isa = XCConfigurationList;
			buildConfigurations = (
				95D6CDF72CAADE3C00DABE0C /* Debug */,
				95D6CDF82CAADE3C00DABE0C /* Release */,
			);
			defaultConfigurationIsVisible = 0;
			defaultConfigurationName = Release;
		};
/* End XCConfigurationList section */

/* Begin XCRemoteSwiftPackageReference section */
		95D6CDF92CAADEA900DABE0C /* XCRemoteSwiftPackageReference "IQKeyboardManager" */ = {
			isa = XCRemoteSwiftPackageReference;
			repositoryURL = "https://github.com/hackiftekhar/IQKeyboardManager.git";
			requirement = {
				kind = upToNextMajorVersion;
				minimumVersion = 7.1.1;
			};
		};
/* End XCRemoteSwiftPackageReference section */

/* Begin XCSwiftPackageProductDependency section */
		95D6CDFA2CAADEA900DABE0C /* IQKeyboardManagerSwift */ = {
			isa = XCSwiftPackageProductDependency;
			package = 95D6CDF92CAADEA900DABE0C /* XCRemoteSwiftPackageReference "IQKeyboardManager" */;
			productName = IQKeyboardManagerSwift;
		};
/* End XCSwiftPackageProductDependency section */

/* Begin XCVersionGroup section */
		95D6CE072CAC24E000DABE0C /* SportEntity.xcdatamodeld */ = {
			isa = XCVersionGroup;
			children = (
				95D6CE082CAC24E000DABE0C /* SportEntity.xcdatamodel */,
			);
			currentVersion = 95D6CE082CAC24E000DABE0C /* SportEntity.xcdatamodel */;
			path = SportEntity.xcdatamodeld;
			sourceTree = "<group>";
			versionGroupType = wrapper.xcdatamodel;
		};
/* End XCVersionGroup section */
	};
	rootObject = 95D6CDDA2CAADE3A00DABE0C /* Project object */;
}
